
Microsoft Visual Studio Solution File, Format Version 12.00
# Visual Studio Version 16
VisualStudioVersion = 16.0.32428.217
MinimumVisualStudioVersion = 10.0.40219.1
Project("{FAE04EC0-301F-11D3-BF4B-00C04F79EFBC}") = "MSUnitLabb1", "MSUnitLabb1\MSUnitLabb1.csproj", "{7789BF28-E129-4150-99BE-579AA945B9D6}"
EndProject
Project("{FAE04EC0-301F-11D3-BF4B-00C04F79EFBC}") = "TestLabb1", "TestLabb1\TestLabb1.csproj", "{EAE7A446-8CA8-4DED-94F2-FD0ADF12033C}"
EndProject
Global
	GlobalSection(SolutionConfigurationPlatforms) = preSolution
		Debug|Any CPU = Debug|Any CPU
		Release|Any CPU = Release|Any CPU
	EndGlobalSection
	GlobalSection(ProjectConfigurationPlatforms) = postSolution
		{7789BF28-E129-4150-99BE-579AA945B9D6}.Debug|Any CPU.ActiveCfg = Debug|Any CPU
		{7789BF28-E129-4150-99BE-579AA945B9D6}.Debug|Any CPU.Build.0 = Debug|Any CPU
		{7789BF28-E129-4150-99BE-579AA945B9D6}.Release|Any CPU.ActiveCfg = Release|Any CPU
		{7789BF28-E129-4150-99BE-579AA945B9D6}.Release|Any CPU.Build.0 = Release|Any CPU
		{EAE7A446-8CA8-4DED-94F2-FD0ADF12033C}.Debug|Any CPU.ActiveCfg = Debug|Any CPU
		{EAE7A446-8CA8-4DED-94F2-FD0ADF12033C}.Debug|Any CPU.Build.0 = Debug|Any CPU
		{EAE7A446-8CA8-4DED-94F2-FD0ADF12033C}.Release|Any CPU.ActiveCfg = Release|Any CPU
		{EAE7A446-8CA8-4DED-94F2-FD0ADF12033C}.Release|Any CPU.Build.0 = Release|Any CPU
	EndGlobalSection
	GlobalSection(SolutionProperties) = preSolution
		HideSolutionNode = FALSE
	EndGlobalSection
	GlobalSection(ExtensibilityGlobals) = postSolution
		SolutionGuid = {5A39D1F0-A7DF-4CA7-9067-314EFFECA867}
	EndGlobalSection
EndGlobal
